
Microsoft Visual Studio Solution File, Format Version 12.00
# Visual Studio Version 16
VisualStudioVersion = 16.0.30717.126
MinimumVisualStudioVersion = 10.0.40219.1
Project("{FAE04EC0-301F-11D3-BF4B-00C04F79EFBC}") = "Projektas", "Projektas\Projektas.csproj", "{347BCAD3-20F0-48A9-BF27-C8993CA38E3F}"
EndProject
Global
	GlobalSection(SolutionConfigurationPlatforms) = preSolution
		Debug|Any CPU = Debug|Any CPU
		Release|Any CPU = Release|Any CPU
	EndGlobalSection
	GlobalSection(ProjectConfigurationPlatforms) = postSolution
		{347BCAD3-20F0-48A9-BF27-C8993CA38E3F}.Debug|Any CPU.ActiveCfg = Debug|Any CPU
		{347BCAD3-20F0-48A9-BF27-C8993CA38E3F}.Debug|Any CPU.Build.0 = Debug|Any CPU
		{347BCAD3-20F0-48A9-BF27-C8993CA38E3F}.Release|Any CPU.ActiveCfg = Release|Any CPU
		{347BCAD3-20F0-48A9-BF27-C8993CA38E3F}.Release|Any CPU.Build.0 = Release|Any CPU
	EndGlobalSection
	GlobalSection(SolutionProperties) = preSolution
		HideSolutionNode = FALSE
	EndGlobalSection
	GlobalSection(ExtensibilityGlobals) = postSolution
		SolutionGuid = {4F631BD6-25A8-4C65-8DF8-C7166AC1D76C}
	EndGlobalSection
EndGlobal
